// !$*UTF8*$!
{
	archiveVersion = 1;
	classes = {
	};
	objectVersion = 52;
	objects = {

/* Begin PBXBuildFile section */
		F6692279257B728F00AE9798 /* AppDelegate.swift in Sources */ = {isa = PBXBuildFile; fileRef = F6692278257B728F00AE9798 /* AppDelegate.swift */; };
		F669227B257B728F00AE9798 /* SceneDelegate.swift in Sources */ = {isa = PBXBuildFile; fileRef = F669227A257B728F00AE9798 /* SceneDelegate.swift */; };
		F669227D257B728F00AE9798 /* ViewController.swift in Sources */ = {isa = PBXBuildFile; fileRef = F669227C257B728F00AE9798 /* ViewController.swift */; };
		F6692280257B728F00AE9798 /* Main.storyboard in Resources */ = {isa = PBXBuildFile; fileRef = F669227E257B728F00AE9798 /* Main.storyboard */; };
		F6692282257B729900AE9798 /* Assets.xcassets in Resources */ = {isa = PBXBuildFile; fileRef = F6692281257B729900AE9798 /* Assets.xcassets */; };
		F6692285257B729900AE9798 /* LaunchScreen.storyboard in Resources */ = {isa = PBXBuildFile; fileRef = F6692283257B729900AE9798 /* LaunchScreen.storyboard */; };
		F669229C257B855800AE9798 /* SwiftRouter in Frameworks */ = {isa = PBXBuildFile; productRef = F669229B257B855800AE9798 /* SwiftRouter */; };
		F66922A4257B94C100AE9798 /* SRModuleOne in Frameworks */ = {isa = PBXBuildFile; productRef = F66922A3257B94C100AE9798 /* SRModuleOne */; };
/* End PBXBuildFile section */

/* Begin PBXFileReference section */
		F6692275257B728F00AE9798 /* SwiftRouterDemo.app */ = {isa = PBXFileReference; explicitFileType = wrapper.application; includeInIndex = 0; path = SwiftRouterDemo.app; sourceTree = BUILT_PRODUCTS_DIR; };
		F6692278257B728F00AE9798 /* AppDelegate.swift */ = {isa = PBXFileReference; lastKnownFileType = sourcecode.swift; path = AppDelegate.swift; sourceTree = "<group>"; };
		F669227A257B728F00AE9798 /* SceneDelegate.swift */ = {isa = PBXFileReference; lastKnownFileType = sourcecode.swift; path = SceneDelegate.swift; sourceTree = "<group>"; };
		F669227C257B728F00AE9798 /* ViewController.swift */ = {isa = PBXFileReference; lastKnownFileType = sourcecode.swift; path = ViewController.swift; sourceTree = "<group>"; };
		F669227F257B728F00AE9798 /* Base */ = {isa = PBXFileReference; lastKnownFileType = file.storyboard; name = Base; path = Base.lproj/Main.storyboard; sourceTree = "<group>"; };
		F6692281257B729900AE9798 /* Assets.xcassets */ = {isa = PBXFileReference; lastKnownFileType = folder.assetcatalog; path = Assets.xcassets; sourceTree = "<group>"; };
		F6692284257B729900AE9798 /* Base */ = {isa = PBXFileReference; lastKnownFileType = file.storyboard; name = Base; path = Base.lproj/LaunchScreen.storyboard; sourceTree = "<group>"; };
		F6692286257B729900AE9798 /* Info.plist */ = {isa = PBXFileReference; lastKnownFileType = text.plist.xml; path = Info.plist; sourceTree = "<group>"; };
/* End PBXFileReference section */

/* Begin PBXFrameworksBuildPhase section */
		F6692272257B728F00AE9798 /* Frameworks */ = {
			isa = PBXFrameworksBuildPhase;
			buildActionMask = 2147483647;
			files = (
				F66922A4257B94C100AE9798 /* SRModuleOne in Frameworks */,
				F669229C257B855800AE9798 /* SwiftRouter in Frameworks */,
			);
			runOnlyForDeploymentPostprocessing = 0;
		};
/* End PBXFrameworksBuildPhase section */

/* Begin PBXGroup section */
		F669226C257B728F00AE9798 = {
			isa = PBXGroup;
			children = (
				F6692277257B728F00AE9798 /* SwiftRouterDemo */,
				F6692276257B728F00AE9798 /* Products */,
				F669228F257B730200AE9798 /* Frameworks */,
			);
			sourceTree = "<group>";
		};
		F6692276257B728F00AE9798 /* Products */ = {
			isa = PBXGroup;
			children = (
				F6692275257B728F00AE9798 /* SwiftRouterDemo.app */,
			);
			name = Products;
			sourceTree = "<group>";
		};
		F6692277257B728F00AE9798 /* SwiftRouterDemo */ = {
			isa = PBXGroup;
			children = (
				F6692278257B728F00AE9798 /* AppDelegate.swift */,
				F669227A257B728F00AE9798 /* SceneDelegate.swift */,
				F669227C257B728F00AE9798 /* ViewController.swift */,
				F669227E257B728F00AE9798 /* Main.storyboard */,
				F6692281257B729900AE9798 /* Assets.xcassets */,
				F6692283257B729900AE9798 /* LaunchScreen.storyboard */,
				F6692286257B729900AE9798 /* Info.plist */,
			);
			path = SwiftRouterDemo;
			sourceTree = "<group>";
		};
		F669228F257B730200AE9798 /* Frameworks */ = {
			isa = PBXGroup;
			children = (
			);
			name = Frameworks;
			sourceTree = "<group>";
		};
/* End PBXGroup section */

/* Begin PBXNativeTarget section */
		F6692274257B728F00AE9798 /* SwiftRouterDemo */ = {
			isa = PBXNativeTarget;
			buildConfigurationList = F6692289257B729900AE9798 /* Build configuration list for PBXNativeTarget "SwiftRouterDemo" */;
			buildPhases = (
				F6692271257B728F00AE9798 /* Sources */,
				F6692272257B728F00AE9798 /* Frameworks */,
				F6692273257B728F00AE9798 /* Resources */,
			);
			buildRules = (
			);
			dependencies = (
			);
			name = SwiftRouterDemo;
			packageProductDependencies = (
				F669229B257B855800AE9798 /* SwiftRouter */,
				F66922A3257B94C100AE9798 /* SRModuleOne */,
			);
			productName = SwiftRouterDemo;
			productReference = F6692275257B728F00AE9798 /* SwiftRouterDemo.app */;
			productType = "com.apple.product-type.application";
		};
/* End PBXNativeTarget section */

/* Begin PBXProject section */
		F669226D257B728F00AE9798 /* Project object */ = {
			isa = PBXProject;
			attributes = {
				LastSwiftUpdateCheck = 1220;
				LastUpgradeCheck = 1220;
				TargetAttributes = {
					F6692274257B728F00AE9798 = {
						CreatedOnToolsVersion = 12.2;
					};
				};
			};
			buildConfigurationList = F6692270257B728F00AE9798 /* Build configuration list for PBXProject "SwiftRouterDemo" */;
			compatibilityVersion = "Xcode 9.3";
			developmentRegion = en;
			hasScannedForEncodings = 0;
			knownRegions = (
				en,
				Base,
			);
			mainGroup = F669226C257B728F00AE9798;
			packageReferences = (
				F669229A257B855800AE9798 /* XCRemoteSwiftPackageReference "SwiftRouter" */,
				F66922A2257B94C100AE9798 /* XCRemoteSwiftPackageReference "SRModuleOne" */,
			);
			productRefGroup = F6692276257B728F00AE9798 /* Products */;
			projectDirPath = "";
			projectRoot = "";
			targets = (
				F6692274257B728F00AE9798 /* SwiftRouterDemo */,
			);
		};
/* End PBXProject section */

/* Begin PBXResourcesBuildPhase section */
		F6692273257B728F00AE9798 /* Resources */ = {
			isa = PBXResourcesBuildPhase;
			buildActionMask = 2147483647;
			files = (
				F6692285257B729900AE9798 /* LaunchScreen.storyboard in Resources */,
				F6692282257B729900AE9798 /* Assets.xcassets in Resources */,
				F6692280257B728F00AE9798 /* Main.storyboard in Resources */,
			);
			runOnlyForDeploymentPostprocessing = 0;
		};
/* End PBXResourcesBuildPhase section */

/* Begin PBXSourcesBuildPhase section */
		F6692271257B728F00AE9798 /* Sources */ = {
			isa = PBXSourcesBuildPhase;
			buildActionMask = 2147483647;
			files = (
				F669227D257B728F00AE9798 /* ViewController.swift in Sources */,
				F6692279257B728F00AE9798 /* AppDelegate.swift in Sources */,
				F669227B257B728F00AE9798 /* SceneDelegate.swift in Sources */,
			);
			runOnlyForDeploymentPostprocessing = 0;
		};
/* End PBXSourcesBuildPhase section */

/* Begin PBXVariantGroup section */
		F669227E257B728F00AE9798 /* Main.storyboard */ = {
			isa = PBXVariantGroup;
			children = (
				F669227F257B728F00AE9798 /* Base */,
			);
			name = Main.storyboard;
			sourceTree = "<group>";
		};
		F6692283257B729900AE9798 /* LaunchScreen.storyboard */ = {
			isa = PBXVariantGroup;
			children = (
				F6692284257B729900AE9798 /* Base */,
			);
			name = LaunchScreen.storyboard;
			sourceTree = "<group>";
		};
/* End PBXVariantGroup section */

/* Begin XCBuildConfiguration section */
		F6692287257B729900AE9798 /* Debug */ = {
			isa = XCBuildConfiguration;
			buildSettings = {
				ALWAYS_SEARCH_USER_PATHS = NO;
				CLANG_ANALYZER_NONNULL = YES;
				CLANG_ANALYZER_NUMBER_OBJECT_CONVERSION = YES_AGGRESSIVE;
				CLANG_CXX_LANGUAGE_STANDARD = "gnu++14";
				CLANG_CXX_LIBRARY = "libc++";
				CLANG_ENABLE_MODULES = YES;
				CLANG_ENABLE_OBJC_ARC = YES;
				CLANG_ENABLE_OBJC_WEAK = YES;
				CLANG_WARN_BLOCK_CAPTURE_AUTORELEASING = YES;
				CLANG_WARN_BOOL_CONVERSION = YES;
				CLANG_WARN_COMMA = YES;
				CLANG_WARN_CONSTANT_CONVERSION = YES;
				CLANG_WARN_DEPRECATED_OBJC_IMPLEMENTATIONS = YES;
				CLANG_WARN_DIRECT_OBJC_ISA_USAGE = YES_ERROR;
				CLANG_WARN_DOCUMENTATION_COMMENTS = YES;
				CLANG_WARN_EMPTY_BODY = YES;
				CLANG_WARN_ENUM_CONVERSION = YES;
				CLANG_WARN_INFINITE_RECURSION = YES;
				CLANG_WARN_INT_CONVERSION = YES;
				CLANG_WARN_NON_LITERAL_NULL_CONVERSION = YES;
				CLANG_WARN_OBJC_IMPLICIT_RETAIN_SELF = YES;
				CLANG_WARN_OBJC_LITERAL_CONVERSION = YES;
				CLANG_WARN_OBJC_ROOT_CLASS = YES_ERROR;
				CLANG_WARN_QUOTED_INCLUDE_IN_FRAMEWORK_HEADER = YES;
				CLANG_WARN_RANGE_LOOP_ANALYSIS = YES;
				CLANG_WARN_STRICT_PROTOTYPES = YES;
				CLANG_WARN_SUSPICIOUS_MOVE = YES;
				CLANG_WARN_UNGUARDED_AVAILABILITY = YES_AGGRESSIVE;
				CLANG_WARN_UNREACHABLE_CODE = YES;
				CLANG_WARN__DUPLICATE_METHOD_MATCH = YES;
				COPY_PHASE_STRIP = NO;
				DEBUG_INFORMATION_FORMAT = dwarf;
				ENABLE_STRICT_OBJC_MSGSEND = YES;
				ENABLE_TESTABILITY = YES;
				GCC_C_LANGUAGE_STANDARD = gnu11;
				GCC_DYNAMIC_NO_PIC = NO;
				GCC_NO_COMMON_BLOCKS = YES;
				GCC_OPTIMIZATION_LEVEL = 0;
				GCC_PREPROCESSOR_DEFINITIONS = (
					"DEBUG=1",
					"$(inherited)",
				);
				GCC_WARN_64_TO_32_BIT_CONVERSION = YES;
				GCC_WARN_ABOUT_RETURN_TYPE = YES_ERROR;
				GCC_WARN_UNDECLARED_SELECTOR = YES;
				GCC_WARN_UNINITIALIZED_AUTOS = YES_AGGRESSIVE;
				GCC_WARN_UNUSED_FUNCTION = YES;
				GCC_WARN_UNUSED_VARIABLE = YES;
				IPHONEOS_DEPLOYMENT_TARGET = 14.2;
				MTL_ENABLE_DEBUG_INFO = INCLUDE_SOURCE;
				MTL_FAST_MATH = YES;
				ONLY_ACTIVE_ARCH = YES;
				SDKROOT = iphoneos;
				SWIFT_ACTIVE_COMPILATION_CONDITIONS = DEBUG;
				SWIFT_OPTIMIZATION_LEVEL = "-Onone";
			};
			name = Debug;
		};
		F6692288257B729900AE9798 /* Release */ = {
			isa = XCBuildConfiguration;
			buildSettings = {
				ALWAYS_SEARCH_USER_PATHS = NO;
				CLANG_ANALYZER_NONNULL = YES;
				CLANG_ANALYZER_NUMBER_OBJECT_CONVERSION = YES_AGGRESSIVE;
				CLANG_CXX_LANGUAGE_STANDARD = "gnu++14";
				CLANG_CXX_LIBRARY = "libc++";
				CLANG_ENABLE_MODULES = YES;
				CLANG_ENABLE_OBJC_ARC = YES;
				CLANG_ENABLE_OBJC_WEAK = YES;
				CLANG_WARN_BLOCK_CAPTURE_AUTORELEASING = YES;
				CLANG_WARN_BOOL_CONVERSION = YES;
				CLANG_WARN_COMMA = YES;
				CLANG_WARN_CONSTANT_CONVERSION = YES;
				CLANG_WARN_DEPRECATED_OBJC_IMPLEMENTATIONS = YES;
				CLANG_WARN_DIRECT_OBJC_ISA_USAGE = YES_ERROR;
				CLANG_WARN_DOCUMENTATION_COMMENTS = YES;
				CLANG_WARN_EMPTY_BODY = YES;
				CLANG_WARN_ENUM_CONVERSION = YES;
				CLANG_WARN_INFINITE_RECURSION = YES;
				CLANG_WARN_INT_CONVERSION = YES;
				CLANG_WARN_NON_LITERAL_NULL_CONVERSION = YES;
				CLANG_WARN_OBJC_IMPLICIT_RETAIN_SELF = YES;
				CLANG_WARN_OBJC_LITERAL_CONVERSION = YES;
				CLANG_WARN_OBJC_ROOT_CLASS = YES_ERROR;
				CLANG_WARN_QUOTED_INCLUDE_IN_FRAMEWORK_HEADER = YES;
				CLANG_WARN_RANGE_LOOP_ANALYSIS = YES;
				CLANG_WARN_STRICT_PROTOTYPES = YES;
				CLANG_WARN_SUSPICIOUS_MOVE = YES;
				CLANG_WARN_UNGUARDED_AVAILABILITY = YES_AGGRESSIVE;
				CLANG_WARN_UNREACHABLE_CODE = YES;
				CLANG_WARN__DUPLICATE_METHOD_MATCH = YES;
				COPY_PHASE_STRIP = NO;
				DEBUG_INFORMATION_FORMAT = "dwarf-with-dsym";
				ENABLE_NS_ASSERTIONS = NO;
				ENABLE_STRICT_OBJC_MSGSEND = YES;
				GCC_C_LANGUAGE_STANDARD = gnu11;
				GCC_NO_COMMON_BLOCKS = YES;
				GCC_WARN_64_TO_32_BIT_CONVERSION = YES;
				GCC_WARN_ABOUT_RETURN_TYPE = YES_ERROR;
				GCC_WARN_UNDECLARED_SELECTOR = YES;
				GCC_WARN_UNINITIALIZED_AUTOS = YES_AGGRESSIVE;
				GCC_WARN_UNUSED_FUNCTION = YES;
				GCC_WARN_UNUSED_VARIABLE = YES;
				IPHONEOS_DEPLOYMENT_TARGET = 14.2;
				MTL_ENABLE_DEBUG_INFO = NO;
				MTL_FAST_MATH = YES;
				SDKROOT = iphoneos;
				SWIFT_COMPILATION_MODE = wholemodule;
				SWIFT_OPTIMIZATION_LEVEL = "-O";
				VALIDATE_PRODUCT = YES;
			};
			name = Release;
		};
		F669228A257B729900AE9798 /* Debug */ = {
			isa = XCBuildConfiguration;
			buildSettings = {
				ASSETCATALOG_COMPILER_APPICON_NAME = AppIcon;
				ASSETCATALOG_COMPILER_GLOBAL_ACCENT_COLOR_NAME = AccentColor;
				CODE_SIGN_STYLE = Automatic;
				DEVELOPMENT_TEAM = 3T45M5L8GE;
				INFOPLIST_FILE = SwiftRouterDemo/Info.plist;
				IPHONEOS_DEPLOYMENT_TARGET = 13.0;
				LD_RUNPATH_SEARCH_PATHS = (
					"$(inherited)",
					"@executable_path/Frameworks",
				);
				PRODUCT_BUNDLE_IDENTIFIER = WH.SwiftRouterDemo;
				PRODUCT_NAME = "$(TARGET_NAME)";
				SWIFT_VERSION = 5.0;
				TARGETED_DEVICE_FAMILY = "1,2";
			};
			name = Debug;
		};
		F669228B257B729900AE9798 /* Release */ = {
			isa = XCBuildConfiguration;
			buildSettings = {
				ASSETCATALOG_COMPILER_APPICON_NAME = AppIcon;
				ASSETCATALOG_COMPILER_GLOBAL_ACCENT_COLOR_NAME = AccentColor;
				CODE_SIGN_STYLE = Automatic;
				DEVELOPMENT_TEAM = 3T45M5L8GE;
				INFOPLIST_FILE = SwiftRouterDemo/Info.plist;
				IPHONEOS_DEPLOYMENT_TARGET = 13.0;
				LD_RUNPATH_SEARCH_PATHS = (
					"$(inherited)",
					"@executable_path/Frameworks",
				);
				PRODUCT_BUNDLE_IDENTIFIER = WH.SwiftRouterDemo;
				PRODUCT_NAME = "$(TARGET_NAME)";
				SWIFT_VERSION = 5.0;
				TARGETED_DEVICE_FAMILY = "1,2";
			};
			name = Release;
		};
/* End XCBuildConfiguration section */

/* Begin XCConfigurationList section */
		F6692270257B728F00AE9798 /* Build configuration list for PBXProject "SwiftRouterDemo" */ = {
			isa = XCConfigurationList;
			buildConfigurations = (
				F6692287257B729900AE9798 /* Debug */,
				F6692288257B729900AE9798 /* Release */,
			);
			defaultConfigurationIsVisible = 0;
			defaultConfigurationName = Release;
		};
		F6692289257B729900AE9798 /* Build configuration list for PBXNativeTarget "SwiftRouterDemo" */ = {
			isa = XCConfigurationList;
			buildConfigurations = (
				F669228A257B729900AE9798 /* Debug */,
				F669228B257B729900AE9798 /* Release */,
			);
			defaultConfigurationIsVisible = 0;
			defaultConfigurationName = Release;
		};
/* End XCConfigurationList section */

/* Begin XCRemoteSwiftPackageReference section */
		F669229A257B855800AE9798 /* XCRemoteSwiftPackageReference "SwiftRouter" */ = {
			isa = XCRemoteSwiftPackageReference;
			repositoryURL = "https://github.com/onewh/SwiftRouter.git";
			requirement = {
				branch = master;
				kind = branch;
			};
		};
		F66922A2257B94C100AE9798 /* XCRemoteSwiftPackageReference "SRModuleOne" */ = {
			isa = XCRemoteSwiftPackageReference;
			repositoryURL = "https://github.com/onewh/SRModuleOne.git";
			requirement = {
				kind = upToNextMajorVersion;
				minimumVersion = 0.0.2;
			};
		};
/* End XCRemoteSwiftPackageReference section */

/* Begin XCSwiftPackageProductDependency section */
		F669229B257B855800AE9798 /* SwiftRouter */ = {
			isa = XCSwiftPackageProductDependency;
			package = F669229A257B855800AE9798 /* XCRemoteSwiftPackageReference "SwiftRouter" */;
			productName = SwiftRouter;
		};
		F66922A3257B94C100AE9798 /* SRModuleOne */ = {
			isa = XCSwiftPackageProductDependency;
			package = F66922A2257B94C100AE9798 /* XCRemoteSwiftPackageReference "SRModuleOne" */;
			productName = SRModuleOne;
		};
/* End XCSwiftPackageProductDependency section */
	};
	rootObject = F669226D257B728F00AE9798 /* Project object */;
}
